
Microsoft Visual Studio Solution File, Format Version 12.00
# Visual Studio 14
VisualStudioVersion = 14.0.25420.1
MinimumVisualStudioVersion = 10.0.40219.1
Project("{FAE04EC0-301F-11D3-BF4B-00C04F79EFBC}") = "Forecast", "Forecast\Forecast.csproj", "{30DAC1D1-A759-4C30-A71B-70A5B7EFBAFD}"
EndProject
Global
	GlobalSection(SolutionConfigurationPlatforms) = preSolution
		Debug|ARM = Debug|ARM
		Debug|x64 = Debug|x64
		Debug|x86 = Debug|x86
		Release|ARM = Release|ARM
		Release|x64 = Release|x64
		Release|x86 = Release|x86
	EndGlobalSection
	GlobalSection(ProjectConfigurationPlatforms) = postSolution
		{30DAC1D1-A759-4C30-A71B-70A5B7EFBAFD}.Debug|ARM.ActiveCfg = Debug|ARM
		{30DAC1D1-A759-4C30-A71B-70A5B7EFBAFD}.Debug|ARM.Build.0 = Debug|ARM
		{30DAC1D1-A759-4C30-A71B-70A5B7EFBAFD}.Debug|ARM.Deploy.0 = Debug|ARM
		{30DAC1D1-A759-4C30-A71B-70A5B7EFBAFD}.Debug|x64.ActiveCfg = Debug|x64
		{30DAC1D1-A759-4C30-A71B-70A5B7EFBAFD}.Debug|x64.Build.0 = Debug|x64
		{30DAC1D1-A759-4C30-A71B-70A5B7EFBAFD}.Debug|x64.Deploy.0 = Debug|x64
		{30DAC1D1-A759-4C30-A71B-70A5B7EFBAFD}.Debug|x86.ActiveCfg = Debug|x86
		{30DAC1D1-A759-4C30-A71B-70A5B7EFBAFD}.Debug|x86.Build.0 = Debug|x86
		{30DAC1D1-A759-4C30-A71B-70A5B7EFBAFD}.Debug|x86.Deploy.0 = Debug|x86
		{30DAC1D1-A759-4C30-A71B-70A5B7EFBAFD}.Release|ARM.ActiveCfg = Release|ARM
		{30DAC1D1-A759-4C30-A71B-70A5B7EFBAFD}.Release|ARM.Build.0 = Release|ARM
		{30DAC1D1-A759-4C30-A71B-70A5B7EFBAFD}.Release|ARM.Deploy.0 = Release|ARM
		{30DAC1D1-A759-4C30-A71B-70A5B7EFBAFD}.Release|x64.ActiveCfg = Release|x64
		{30DAC1D1-A759-4C30-A71B-70A5B7EFBAFD}.Release|x64.Build.0 = Release|x64
		{30DAC1D1-A759-4C30-A71B-70A5B7EFBAFD}.Release|x64.Deploy.0 = Release|x64
		{30DAC1D1-A759-4C30-A71B-70A5B7EFBAFD}.Release|x86.ActiveCfg = Release|x86
		{30DAC1D1-A759-4C30-A71B-70A5B7EFBAFD}.Release|x86.Build.0 = Release|x86
		{30DAC1D1-A759-4C30-A71B-70A5B7EFBAFD}.Release|x86.Deploy.0 = Release|x86
	EndGlobalSection
	GlobalSection(SolutionProperties) = preSolution
		HideSolutionNode = FALSE
	EndGlobalSection
EndGlobal
